<?xml version="1.0" encoding="utf-8"?>
<Project ToolsVersion="4.0" xmlns="http://schemas.microsoft.com/developer/msbuild/2003">
  <ItemGroup>
    <Filter Include="Source Files">
      <UniqueIdentifier>{4FC737F1-C7A5-4376-A066-2A32D752A2FF}</UniqueIdentifier>
      <Extensions>cpp;c;cc;cxx;def;odl;idl;hpj;bat;asm;asmx</Extensions>
    </Filter>
    <Filter Include="Header Files">
      <UniqueIdentifier>{93995380-89BD-4b04-88EB-625FBE52EBFB}</UniqueIdentifier>
      <Extensions>h;hh;hpp;hxx;hm;inl;inc;ipp;xsd</Extensions>
    </Filter>
    <Filter Include="Resource Files">
      <UniqueIdentifier>{67DA6AB6-F800-4c08-8B7A-83BB121AAD01}</UniqueIdentifier>
      <Extensions>rc;ico;cur;bmp;dlg;rc2;rct;bin;rgs;gif;jpg;jpeg;jpe;resx;tiff;tif;png;wav;mfcribbon-ms</Extensions>
    </Filter>
    <Filter Include="Header Files\Characters">
      <UniqueIdentifier>{7ce5a499-b719-455a-8e7f-859d3760af01}</UniqueIdentifier>
    </Filter>
    <Filter Include="Source Files\Characters">
      <UniqueIdentifier>{f42459fc-a436-4765-a86d-9950d2f56bfb}</UniqueIdentifier>
    </Filter>
  </ItemGroup>
  <ItemGroup>
    <ClCompile Include="libs\pugixml\src\pugixml.cpp">
      <Filter>Source Files</Filter>
    </ClCompile>
    <ClCompile Include="src\conceito.cpp">
      <Filter>Source Files</Filter>
    </ClCompile>
    <ClCompile Include="src\fileDict.cpp">
      <Filter>Source Files</Filter>
    </ClCompile>
    <ClCompile Include="src\graphics.cpp">
      <Filter>Source Files</Filter>
    </ClCompile>
    <ClCompile Include="src\input.cpp">
      <Filter>Source Files</Filter>
    </ClCompile>
    <ClCompile Include="src\interface.cpp">
      <Filter>Source Files</Filter>
    </ClCompile>
    <ClCompile Include="src\inventario.cpp">
      <Filter>Source Files</Filter>
    </ClCompile>
    <ClCompile Include="src\IObservable.cpp">
      <Filter>Source Files</Filter>
    </ClCompile>
    <ClCompile Include="src\IObserver.cpp">
      <Filter>Source Files</Filter>
    </ClCompile>
    <ClCompile Include="src\item.cpp">
      <Filter>Source Files</Filter>
    </ClCompile>
    <ClCompile Include="src\jogador.cpp">
      <Filter>Source Files</Filter>
    </ClCompile>
    <ClCompile Include="src\jogo.cpp">
      <Filter>Source Files</Filter>
    </ClCompile>
    <ClCompile Include="src\mapa.cpp">
      <Filter>Source Files</Filter>
    </ClCompile>
    <ClCompile Include="src\npc.cpp">
      <Filter>Source Files</Filter>
    </ClCompile>
    <ClCompile Include="src\objeto.cpp">
      <Filter>Source Files</Filter>
    </ClCompile>
    <ClCompile Include="src\overseer.cpp">
      <Filter>Source Files</Filter>
    </ClCompile>
    <ClCompile Include="src\personagem.cpp">
      <Filter>Source Files</Filter>
    </ClCompile>
    <ClCompile Include="src\sala.cpp">
      <Filter>Source Files</Filter>
    </ClCompile>
    <ClCompile Include="src\stringLib.cpp">
      <Filter>Source Files</Filter>
    </ClCompile>
    <ClCompile Include="libs\GPGOAP\goap.c">
      <Filter>Source Files</Filter>
    </ClCompile>
    <ClCompile Include="libs\GPGOAP\astar.c">
      <Filter>Source Files</Filter>
    </ClCompile>
    <ClCompile Include="src\conversa.cpp">
      <Filter>Source Files</Filter>
    </ClCompile>
    <ClCompile Include="src\characters\Jenna.cpp">
      <Filter>Source Files\Characters</Filter>
    </ClCompile>
    <ClCompile Include="src\characters\Hilda.cpp">
      <Filter>Source Files\Characters</Filter>
    </ClCompile>
    <ClCompile Include="src\characters\Santos.cpp">
      <Filter>Source Files\Characters</Filter>
    </ClCompile>
    <ClCompile Include="src\characters\Baxter.cpp">
      <Filter>Source Files\Characters</Filter>
    </ClCompile>
  </ItemGroup>
  <ItemGroup>
    <ClInclude Include="libs\pugixml\src\pugixml.hpp">
      <Filter>Source Files</Filter>
    </ClInclude>
    <ClInclude Include="src\conceito.h">
      <Filter>Header Files</Filter>
    </ClInclude>
    <ClInclude Include="src\dictionary.h">
      <Filter>Header Files</Filter>
    </ClInclude>
    <ClInclude Include="src\fileDict.h">
      <Filter>Header Files</Filter>
    </ClInclude>
    <ClInclude Include="src\fileManager.h">
      <Filter>Header Files</Filter>
    </ClInclude>
    <ClInclude Include="src\graphics.h">
      <Filter>Header Files</Filter>
    </ClInclude>
    <ClInclude Include="src\input.h">
      <Filter>Header Files</Filter>
    </ClInclude>
    <ClInclude Include="src\interface.h">
      <Filter>Header Files</Filter>
    </ClInclude>
    <ClInclude Include="src\inventario.h">
      <Filter>Header Files</Filter>
    </ClInclude>
    <ClInclude Include="src\IObservable.h">
      <Filter>Header Files</Filter>
    </ClInclude>
    <ClInclude Include="src\IObserver.h">
      <Filter>Header Files</Filter>
    </ClInclude>
    <ClInclude Include="src\item.h">
      <Filter>Header Files</Filter>
    </ClInclude>
    <ClInclude Include="src\jogador.h">
      <Filter>Header Files</Filter>
    </ClInclude>
    <ClInclude Include="src\jogo.h">
      <Filter>Header Files</Filter>
    </ClInclude>
    <ClInclude Include="src\mapa.h">
      <Filter>Header Files</Filter>
    </ClInclude>
    <ClInclude Include="src\npc.h">
      <Filter>Header Files</Filter>
    </ClInclude>
    <ClInclude Include="src\objeto.h">
      <Filter>Header Files</Filter>
    </ClInclude>
    <ClInclude Include="src\sala.h">
      <Filter>Header Files</Filter>
    </ClInclude>
    <ClInclude Include="src\saveModule.h">
      <Filter>Header Files</Filter>
    </ClInclude>
    <ClInclude Include="src\personagem.h">
      <Filter>Header Files</Filter>
    </ClInclude>
    <ClInclude Include="libs\GPGOAP\astar.h">
      <Filter>Header Files</Filter>
    </ClInclude>
    <ClInclude Include="libs\GPGOAP\goap.h">
      <Filter>Header Files</Filter>
    </ClInclude>
    <ClInclude Include="src\conversa.h">
      <Filter>Header Files</Filter>
    </ClInclude>
    <ClInclude Include="src\characters\Jenna.h">
      <Filter>Header Files\Characters</Filter>
    </ClInclude>
    <ClInclude Include="src\characters\Baxter.h">
      <Filter>Header Files\Characters</Filter>
    </ClInclude>
    <ClInclude Include="src\characters\Santos.h">
      <Filter>Header Files\Characters</Filter>
    </ClInclude>
    <ClInclude Include="src\characters\Hilda.h">
      <Filter>Header Files\Characters</Filter>
    </ClInclude>
    <ClInclude Include="src\actionEnum.h">
      <Filter>Header Files</Filter>
    </ClInclude>
  </ItemGroup>
</Project>