<?xml version="1.0" encoding="utf-8"?>
<Project ToolsVersion="4.0" xmlns="http://schemas.microsoft.com/developer/msbuild/2003">
  <ItemGroup>
    <Filter Include="Source Files">
      <UniqueIdentifier>{4FC737F1-C7A5-4376-A066-2A32D752A2FF}</UniqueIdentifier>
      <Extensions>cpp;c;cc;cxx;def;odl;idl;hpj;bat;asm;asmx</Extensions>
    </Filter>
    <Filter Include="Header Files">
      <UniqueIdentifier>{93995380-89BD-4b04-88EB-625FBE52EBFB}</UniqueIdentifier>
      <Extensions>h;hh;hpp;hxx;hm;inl;inc;ipp;xsd</Extensions>
    </Filter>
    <Filter Include="Resource Files">
      <UniqueIdentifier>{67DA6AB6-F800-4c08-8B7A-83BB121AAD01}</UniqueIdentifier>
      <Extensions>rc;ico;cur;bmp;dlg;rc2;rct;bin;rgs;gif;jpg;jpeg;jpe;resx;tiff;tif;png;wav;mfcribbon-ms</Extensions>
    </Filter>
  </ItemGroup>
  <ItemGroup>
    <ClCompile Include="interface.cpp">
      <Filter>Source Files</Filter>
    </ClCompile>
    <ClCompile Include="IObservable.cpp">
      <Filter>Source Files</Filter>
    </ClCompile>
    <ClCompile Include="input.cpp">
      <Filter>Source Files</Filter>
    </ClCompile>
    <ClCompile Include="fileManager.cpp">
      <Filter>Source Files</Filter>
    </ClCompile>
    <ClCompile Include="overseer.cpp">
      <Filter>Source Files</Filter>
    </ClCompile>
    <ClCompile Include="jogo.cpp">
      <Filter>Source Files</Filter>
    </ClCompile>
    <ClCompile Include="inventario.cpp">
      <Filter>Source Files</Filter>
    </ClCompile>
    <ClCompile Include="conceito.cpp">
      <Filter>Source Files</Filter>
    </ClCompile>
    <ClCompile Include="graphics.cpp">
      <Filter>Source Files</Filter>
    </ClCompile>
    <ClCompile Include="sala.cpp">
      <Filter>Source Files</Filter>
    </ClCompile>
    <ClCompile Include="objeto.cpp">
      <Filter>Source Files</Filter>
    </ClCompile>
    <ClCompile Include="stringLib.cpp">
      <Filter>Source Files</Filter>
    </ClCompile>
    <ClCompile Include="fileDict.cpp">
      <Filter>Source Files</Filter>
    </ClCompile>
    <ClCompile Include="personagem.cpp">
      <Filter>Source Files</Filter>
    </ClCompile>
    <ClCompile Include="item.cpp">
      <Filter>Source Files</Filter>
    </ClCompile>
    <ClCompile Include="Jenna.cpp">
      <Filter>Source Files</Filter>
    </ClCompile>
    <ClCompile Include="mapa.cpp">
      <Filter>Source Files</Filter>
    </ClCompile>
  </ItemGroup>
  <ItemGroup>
    <ClInclude Include="json.hpp">
      <Filter>Source Files</Filter>
    </ClInclude>
    <ClInclude Include="input.h">
      <Filter>Header Files</Filter>
    </ClInclude>
    <ClInclude Include="interface.h">
      <Filter>Header Files</Filter>
    </ClInclude>
    <ClInclude Include="inventario.h">
      <Filter>Header Files</Filter>
    </ClInclude>
    <ClInclude Include="IObserver.h">
      <Filter>Header Files</Filter>
    </ClInclude>
    <ClInclude Include="fileManager.h">
      <Filter>Header Files</Filter>
    </ClInclude>
    <ClInclude Include="jogo.h">
      <Filter>Header Files</Filter>
    </ClInclude>
    <ClInclude Include="IObservable.h">
      <Filter>Header Files</Filter>
    </ClInclude>
    <ClInclude Include="conceito.h">
      <Filter>Header Files</Filter>
    </ClInclude>
    <ClInclude Include="graphics.h">
      <Filter>Header Files</Filter>
    </ClInclude>
    <ClInclude Include="sala.h">
      <Filter>Header Files</Filter>
    </ClInclude>
    <ClInclude Include="objeto.h">
      <Filter>Header Files</Filter>
    </ClInclude>
    <ClInclude Include="stringLib.h">
      <Filter>Header Files</Filter>
    </ClInclude>
    <ClInclude Include="fileDict.h">
      <Filter>Header Files</Filter>
    </ClInclude>
    <ClInclude Include="personagem.h">
      <Filter>Header Files</Filter>
    </ClInclude>
    <ClInclude Include="item.h">
      <Filter>Header Files</Filter>
    </ClInclude>
    <ClInclude Include="Jenna.h">
      <Filter>Header Files</Filter>
    </ClInclude>
    <ClInclude Include="mapa.h">
      <Filter>Header Files</Filter>
    </ClInclude>
    <ClInclude Include="npc.h">
      <Filter>Header Files</Filter>
    </ClInclude>
  </ItemGroup>
</Project>